
Microsoft Visual Studio Solution File, Format Version 12.00
# Visual Studio Version 16
VisualStudioVersion = 16.0.30907.101
MinimumVisualStudioVersion = 10.0.40219.1
Project("{9A19103F-16F7-4668-BE54-9A1E7A4F7556}") = "CompanionBot", "CompanionBot\CompanionBot.csproj", "{329E7725-CA4F-48DB-A8CB-1CC674207D06}"
EndProject
Global
	GlobalSection(SolutionConfigurationPlatforms) = preSolution
		Debug|Any CPU = Debug|Any CPU
		Release|Any CPU = Release|Any CPU
	EndGlobalSection
	GlobalSection(ProjectConfigurationPlatforms) = postSolution
		{329E7725-CA4F-48DB-A8CB-1CC674207D06}.Debug|Any CPU.ActiveCfg = Debug|Any CPU
		{329E7725-CA4F-48DB-A8CB-1CC674207D06}.Debug|Any CPU.Build.0 = Debug|Any CPU
		{329E7725-CA4F-48DB-A8CB-1CC674207D06}.Release|Any CPU.ActiveCfg = Release|Any CPU
		{329E7725-CA4F-48DB-A8CB-1CC674207D06}.Release|Any CPU.Build.0 = Release|Any CPU
	EndGlobalSection
	GlobalSection(SolutionProperties) = preSolution
		HideSolutionNode = FALSE
	EndGlobalSection
	GlobalSection(ExtensibilityGlobals) = postSolution
		SolutionGuid = {CDA2825D-5DF7-4747-8669-DA4B559BA8EF}
	EndGlobalSection
EndGlobal
